
Microsoft Visual Studio Solution File, Format Version 12.00
# Visual Studio 15
VisualStudioVersion = 15.0.27130.2036
MinimumVisualStudioVersion = 10.0.40219.1
Project("{FAE04EC0-301F-11D3-BF4B-00C04F79EFBC}") = "GoToSleep", "GoToSleep\GoToSleep.csproj", "{A6FFE7C3-BD30-4D28-AAB3-2B9FDE912760}"
EndProject
Global
	GlobalSection(SolutionConfigurationPlatforms) = preSolution
		Debug|Any CPU = Debug|Any CPU
		Release|Any CPU = Release|Any CPU
	EndGlobalSection
	GlobalSection(ProjectConfigurationPlatforms) = postSolution
		{A6FFE7C3-BD30-4D28-AAB3-2B9FDE912760}.Debug|Any CPU.ActiveCfg = Debug|Any CPU
		{A6FFE7C3-BD30-4D28-AAB3-2B9FDE912760}.Debug|Any CPU.Build.0 = Debug|Any CPU
		{A6FFE7C3-BD30-4D28-AAB3-2B9FDE912760}.Release|Any CPU.ActiveCfg = Release|Any CPU
		{A6FFE7C3-BD30-4D28-AAB3-2B9FDE912760}.Release|Any CPU.Build.0 = Release|Any CPU
	EndGlobalSection
	GlobalSection(SolutionProperties) = preSolution
		HideSolutionNode = FALSE
	EndGlobalSection
	GlobalSection(ExtensibilityGlobals) = postSolution
		SolutionGuid = {C2B49772-0AB7-470A-8B56-B1D1B75C4BDE}
	EndGlobalSection
EndGlobal
